
Microsoft Visual Studio Solution File, Format Version 12.00
# Visual Studio 2017
Project("{FAE04EC0-301F-11D3-BF4B-00C04F79EFBC}") = "laz", "laz.csproj", "{B947F991-C3E5-0FC0-3994-DFC0438E9198}"
EndProject
Project("{FAE04EC0-301F-11D3-BF4B-00C04F79EFBC}") = "laz.Editor", "laz.Editor.csproj", "{5EA13EAE-10C0-8271-3E57-CDD61BD41AF6}"
EndProject
Global
	GlobalSection(SolutionConfigurationPlatforms) = preSolution
		Debug|Any CPU = Debug|Any CPU
		Release|Any CPU = Release|Any CPU
	EndGlobalSection
	GlobalSection(ProjectConfigurationPlatforms) = postSolution
		{B947F991-C3E5-0FC0-3994-DFC0438E9198}.Debug|Any CPU.ActiveCfg = Debug|Any CPU
		{B947F991-C3E5-0FC0-3994-DFC0438E9198}.Debug|Any CPU.Build.0 = Debug|Any CPU
		{B947F991-C3E5-0FC0-3994-DFC0438E9198}.Release|Any CPU.ActiveCfg = Release|Any CPU
		{B947F991-C3E5-0FC0-3994-DFC0438E9198}.Release|Any CPU.Build.0 = Release|Any CPU
		{5EA13EAE-10C0-8271-3E57-CDD61BD41AF6}.Debug|Any CPU.ActiveCfg = Debug|Any CPU
		{5EA13EAE-10C0-8271-3E57-CDD61BD41AF6}.Debug|Any CPU.Build.0 = Debug|Any CPU
		{5EA13EAE-10C0-8271-3E57-CDD61BD41AF6}.Release|Any CPU.ActiveCfg = Release|Any CPU
		{5EA13EAE-10C0-8271-3E57-CDD61BD41AF6}.Release|Any CPU.Build.0 = Release|Any CPU
	EndGlobalSection
	GlobalSection(SolutionProperties) = preSolution
		HideSolutionNode = FALSE
	EndGlobalSection
EndGlobal
